
Microsoft Visual Studio Solution File, Format Version 12.00
# Visual Studio Version 17
VisualStudioVersion = 17.12.35514.174
MinimumVisualStudioVersion = 10.0.40219.1
Project("{FAE04EC0-301F-11D3-BF4B-00C04F79EFBC}") = "WebApi", "MyTasks\WebApi.csproj", "{BE36E237-403F-45EF-942A-C3E4C3FB7277}"
EndProject
Project("{FAE04EC0-301F-11D3-BF4B-00C04F79EFBC}") = "DataAccess", "DataAccess\DataAccess.csproj", "{F26AF158-04F4-4D96-A52D-97776CE6B5FD}"
EndProject
Project("{FAE04EC0-301F-11D3-BF4B-00C04F79EFBC}") = "BusinesLogica", "BusinesLogica\BusinesLogica.csproj", "{918D21C7-D487-437C-BCB6-A27615A7A61F}"
EndProject
Global
	GlobalSection(SolutionConfigurationPlatforms) = preSolution
		Debug|Any CPU = Debug|Any CPU
		Release|Any CPU = Release|Any CPU
	EndGlobalSection
	GlobalSection(ProjectConfigurationPlatforms) = postSolution
		{BE36E237-403F-45EF-942A-C3E4C3FB7277}.Debug|Any CPU.ActiveCfg = Debug|Any CPU
		{BE36E237-403F-45EF-942A-C3E4C3FB7277}.Debug|Any CPU.Build.0 = Debug|Any CPU
		{BE36E237-403F-45EF-942A-C3E4C3FB7277}.Release|Any CPU.ActiveCfg = Release|Any CPU
		{BE36E237-403F-45EF-942A-C3E4C3FB7277}.Release|Any CPU.Build.0 = Release|Any CPU
		{F26AF158-04F4-4D96-A52D-97776CE6B5FD}.Debug|Any CPU.ActiveCfg = Debug|Any CPU
		{F26AF158-04F4-4D96-A52D-97776CE6B5FD}.Debug|Any CPU.Build.0 = Debug|Any CPU
		{F26AF158-04F4-4D96-A52D-97776CE6B5FD}.Release|Any CPU.ActiveCfg = Release|Any CPU
		{F26AF158-04F4-4D96-A52D-97776CE6B5FD}.Release|Any CPU.Build.0 = Release|Any CPU
		{918D21C7-D487-437C-BCB6-A27615A7A61F}.Debug|Any CPU.ActiveCfg = Debug|Any CPU
		{918D21C7-D487-437C-BCB6-A27615A7A61F}.Debug|Any CPU.Build.0 = Debug|Any CPU
		{918D21C7-D487-437C-BCB6-A27615A7A61F}.Release|Any CPU.ActiveCfg = Release|Any CPU
		{918D21C7-D487-437C-BCB6-A27615A7A61F}.Release|Any CPU.Build.0 = Release|Any CPU
	EndGlobalSection
	GlobalSection(SolutionProperties) = preSolution
		HideSolutionNode = FALSE
	EndGlobalSection
EndGlobal
